
Microsoft Visual Studio Solution File, Format Version 12.00
# Visual Studio Version 17
VisualStudioVersion = 17.13.35931.197 d17.13
MinimumVisualStudioVersion = 10.0.40219.1
Project("{FAE04EC0-301F-11D3-BF4B-00C04F79EFBC}") = "BookStoreApp.API", "BookStoreApp.API\BookStoreApp.API.csproj", "{B0BDC3A5-C042-4382-B39F-93EF3E1D063D}"
EndProject
Global
	GlobalSection(SolutionConfigurationPlatforms) = preSolution
		Debug|Any CPU = Debug|Any CPU
		Release|Any CPU = Release|Any CPU
	EndGlobalSection
	GlobalSection(ProjectConfigurationPlatforms) = postSolution
		{B0BDC3A5-C042-4382-B39F-93EF3E1D063D}.Debug|Any CPU.ActiveCfg = Debug|Any CPU
		{B0BDC3A5-C042-4382-B39F-93EF3E1D063D}.Debug|Any CPU.Build.0 = Debug|Any CPU
		{B0BDC3A5-C042-4382-B39F-93EF3E1D063D}.Release|Any CPU.ActiveCfg = Release|Any CPU
		{B0BDC3A5-C042-4382-B39F-93EF3E1D063D}.Release|Any CPU.Build.0 = Release|Any CPU
	EndGlobalSection
	GlobalSection(SolutionProperties) = preSolution
		HideSolutionNode = FALSE
	EndGlobalSection
	GlobalSection(ExtensibilityGlobals) = postSolution
		SolutionGuid = {50B1D6B7-D535-4DFD-A448-211D6B2A8EA3}
	EndGlobalSection
EndGlobal
